
Microsoft Visual Studio Solution File, Format Version 12.00
# Visual Studio Version 16
VisualStudioVersion = 16.0.31129.286
MinimumVisualStudioVersion = 10.0.40219.1
Project("{FAE04EC0-301F-11D3-BF4B-00C04F79EFBC}") = "CheckoutBasketLibrary", "CheckoutBasketLibrary\CheckoutBasketLibrary.csproj", "{79DC66A1-0B53-4007-B3F3-F1816B67BAF2}"
EndProject
Project("{FAE04EC0-301F-11D3-BF4B-00C04F79EFBC}") = "CheckoutBasketLibrary.Tests", "CheckoutBasketLibrary.Tests\CheckoutBasketLibrary.Tests.csproj", "{7E9E90FD-1840-488D-BA22-51F54BBFC825}"
EndProject
Global
	GlobalSection(SolutionConfigurationPlatforms) = preSolution
		Debug|Any CPU = Debug|Any CPU
		Release|Any CPU = Release|Any CPU
	EndGlobalSection
	GlobalSection(ProjectConfigurationPlatforms) = postSolution
		{79DC66A1-0B53-4007-B3F3-F1816B67BAF2}.Debug|Any CPU.ActiveCfg = Debug|Any CPU
		{79DC66A1-0B53-4007-B3F3-F1816B67BAF2}.Debug|Any CPU.Build.0 = Debug|Any CPU
		{79DC66A1-0B53-4007-B3F3-F1816B67BAF2}.Release|Any CPU.ActiveCfg = Release|Any CPU
		{79DC66A1-0B53-4007-B3F3-F1816B67BAF2}.Release|Any CPU.Build.0 = Release|Any CPU
		{7E9E90FD-1840-488D-BA22-51F54BBFC825}.Debug|Any CPU.ActiveCfg = Debug|Any CPU
		{7E9E90FD-1840-488D-BA22-51F54BBFC825}.Debug|Any CPU.Build.0 = Debug|Any CPU
		{7E9E90FD-1840-488D-BA22-51F54BBFC825}.Release|Any CPU.ActiveCfg = Release|Any CPU
		{7E9E90FD-1840-488D-BA22-51F54BBFC825}.Release|Any CPU.Build.0 = Release|Any CPU
	EndGlobalSection
	GlobalSection(SolutionProperties) = preSolution
		HideSolutionNode = FALSE
	EndGlobalSection
	GlobalSection(ExtensibilityGlobals) = postSolution
		SolutionGuid = {C3EACE22-2E17-41E5-92C1-25C456D9305A}
	EndGlobalSection
EndGlobal
